
Microsoft Visual Studio Solution File, Format Version 12.00
# Visual Studio Version 17
VisualStudioVersion = 17.11.35208.52
MinimumVisualStudioVersion = 10.0.40219.1
Project("{9A19103F-16F7-4668-BE54-9A1E7A4F7556}") = "EcormerProjectPRN222", "EcormerProjectPRN222.csproj", "{442F51DF-5A1D-421B-A1C1-1E97B66E529D}"
EndProject
Global
	GlobalSection(SolutionConfigurationPlatforms) = preSolution
		Debug|Any CPU = Debug|Any CPU
		Release|Any CPU = Release|Any CPU
	EndGlobalSection
	GlobalSection(ProjectConfigurationPlatforms) = postSolution
		{442F51DF-5A1D-421B-A1C1-1E97B66E529D}.Debug|Any CPU.ActiveCfg = Debug|Any CPU
		{442F51DF-5A1D-421B-A1C1-1E97B66E529D}.Debug|Any CPU.Build.0 = Debug|Any CPU
		{442F51DF-5A1D-421B-A1C1-1E97B66E529D}.Release|Any CPU.ActiveCfg = Release|Any CPU
		{442F51DF-5A1D-421B-A1C1-1E97B66E529D}.Release|Any CPU.Build.0 = Release|Any CPU
	EndGlobalSection
	GlobalSection(SolutionProperties) = preSolution
		HideSolutionNode = FALSE
	EndGlobalSection
	GlobalSection(ExtensibilityGlobals) = postSolution
		SolutionGuid = {6F29812E-B415-42DB-BCA4-33A2EFF744FA}
	EndGlobalSection
EndGlobal
