
Microsoft Visual Studio Solution File, Format Version 12.00
# Visual Studio Version 17
VisualStudioVersion = 17.11.35208.52
MinimumVisualStudioVersion = 10.0.40219.1
Project("{9A19103F-16F7-4668-BE54-9A1E7A4F7556}") = "EcormerProjectPRN222", "EcormerProjectPRN222.csproj", "{07BA1BD4-074F-4182-B270-D5B0F437FE6E}"
EndProject
Global
	GlobalSection(SolutionConfigurationPlatforms) = preSolution
		Debug|Any CPU = Debug|Any CPU
		Release|Any CPU = Release|Any CPU
	EndGlobalSection
	GlobalSection(ProjectConfigurationPlatforms) = postSolution
		{07BA1BD4-074F-4182-B270-D5B0F437FE6E}.Debug|Any CPU.ActiveCfg = Debug|Any CPU
		{07BA1BD4-074F-4182-B270-D5B0F437FE6E}.Debug|Any CPU.Build.0 = Debug|Any CPU
		{07BA1BD4-074F-4182-B270-D5B0F437FE6E}.Release|Any CPU.ActiveCfg = Release|Any CPU
		{07BA1BD4-074F-4182-B270-D5B0F437FE6E}.Release|Any CPU.Build.0 = Release|Any CPU
	EndGlobalSection
	GlobalSection(SolutionProperties) = preSolution
		HideSolutionNode = FALSE
	EndGlobalSection
	GlobalSection(ExtensibilityGlobals) = postSolution
		SolutionGuid = {A5FD0B1C-1A69-458A-A66B-600DC5FC4FD5}
	EndGlobalSection
EndGlobal
